
Microsoft Visual Studio Solution File, Format Version 12.00
# Visual Studio Version 16
VisualStudioVersion = 16.0.31205.134
MinimumVisualStudioVersion = 10.0.40219.1
Project("{9A19103F-16F7-4668-BE54-9A1E7A4F7556}") = "Kursova9", "Kursova9.csproj", "{62C46B7F-2284-4E16-BEE7-B9AE0FED64B5}"
EndProject
Global
	GlobalSection(SolutionConfigurationPlatforms) = preSolution
		Debug|Any CPU = Debug|Any CPU
		Release|Any CPU = Release|Any CPU
	EndGlobalSection
	GlobalSection(ProjectConfigurationPlatforms) = postSolution
		{62C46B7F-2284-4E16-BEE7-B9AE0FED64B5}.Debug|Any CPU.ActiveCfg = Debug|Any CPU
		{62C46B7F-2284-4E16-BEE7-B9AE0FED64B5}.Debug|Any CPU.Build.0 = Debug|Any CPU
		{62C46B7F-2284-4E16-BEE7-B9AE0FED64B5}.Release|Any CPU.ActiveCfg = Release|Any CPU
		{62C46B7F-2284-4E16-BEE7-B9AE0FED64B5}.Release|Any CPU.Build.0 = Release|Any CPU
	EndGlobalSection
	GlobalSection(SolutionProperties) = preSolution
		HideSolutionNode = FALSE
	EndGlobalSection
	GlobalSection(ExtensibilityGlobals) = postSolution
		SolutionGuid = {9EF41965-9F35-4033-ADCE-7FF37D583A64}
	EndGlobalSection
EndGlobal
